Microsoft Visual Studio Solution File, Format Version 12.00
# Visual Studio Version 17
VisualStudioVersion = 17.5.2.0
MinimumVisualStudioVersion = 10.0.40219.1
Project("{FAE04EC0-301F-11D3-BF4B-00C04F79EFBC}") = "RealEstate.Tests", "RealEstate.Tests.csproj", "{DC46B0EC-11F3-4147-D467-51473D8DEB25}"
EndProject
Global
	GlobalSection(SolutionConfigurationPlatforms) = preSolution
		Debug|Any CPU = Debug|Any CPU
		Release|Any CPU = Release|Any CPU
	EndGlobalSection
	GlobalSection(ProjectConfigurationPlatforms) = postSolution
		{DC46B0EC-11F3-4147-D467-51473D8DEB25}.Debug|Any CPU.ActiveCfg = Debug|Any CPU
		{DC46B0EC-11F3-4147-D467-51473D8DEB25}.Debug|Any CPU.Build.0 = Debug|Any CPU
		{DC46B0EC-11F3-4147-D467-51473D8DEB25}.Release|Any CPU.ActiveCfg = Release|Any CPU
		{DC46B0EC-11F3-4147-D467-51473D8DEB25}.Release|Any CPU.Build.0 = Release|Any CPU
	EndGlobalSection
	GlobalSection(SolutionProperties) = preSolution
		HideSolutionNode = FALSE
	EndGlobalSection
	GlobalSection(ExtensibilityGlobals) = postSolution
		SolutionGuid = {CBEA8171-B653-4316-B873-DAD45A3F4F28}
	EndGlobalSection
EndGlobal
